
Microsoft Visual Studio Solution File, Format Version 12.00
# Visual Studio Version 16
VisualStudioVersion = 16.0.31605.320
MinimumVisualStudioVersion = 10.0.40219.1
Project("{FAE04EC0-301F-11D3-BF4B-00C04F79EFBC}") = "Lab10", "Lab10\Lab10.csproj", "{A11289E2-E4AD-46D0-B5F3-0B9E2BFB0C6A}"
EndProject
Global
	GlobalSection(SolutionConfigurationPlatforms) = preSolution
		Debug|Any CPU = Debug|Any CPU
		Release|Any CPU = Release|Any CPU
	EndGlobalSection
	GlobalSection(ProjectConfigurationPlatforms) = postSolution
		{A11289E2-E4AD-46D0-B5F3-0B9E2BFB0C6A}.Debug|Any CPU.ActiveCfg = Debug|Any CPU
		{A11289E2-E4AD-46D0-B5F3-0B9E2BFB0C6A}.Debug|Any CPU.Build.0 = Debug|Any CPU
		{A11289E2-E4AD-46D0-B5F3-0B9E2BFB0C6A}.Release|Any CPU.ActiveCfg = Release|Any CPU
		{A11289E2-E4AD-46D0-B5F3-0B9E2BFB0C6A}.Release|Any CPU.Build.0 = Release|Any CPU
	EndGlobalSection
	GlobalSection(SolutionProperties) = preSolution
		HideSolutionNode = FALSE
	EndGlobalSection
	GlobalSection(ExtensibilityGlobals) = postSolution
		SolutionGuid = {83CCE1C4-3A2A-4582-91BF-0A76527D0A69}
	EndGlobalSection
EndGlobal
